
Microsoft Visual Studio Solution File, Format Version 12.00
# Visual Studio Version 17
VisualStudioVersion = 17.9.34728.123
MinimumVisualStudioVersion = 10.0.40219.1
Project("{2150E333-8FDC-42A3-9474-1A3956D46DE8}") = "BuildingBlocks", "BuildingBlocks", "{91B08A7A-D6FF-41D5-A641-896036B62707}"
EndProject
Project("{2150E333-8FDC-42A3-9474-1A3956D46DE8}") = "Services", "Services", "{7903A357-FFD5-48D0-8622-BDCBE001CED6}"
EndProject
Project("{2150E333-8FDC-42A3-9474-1A3956D46DE8}") = "Catalog", "Catalog", "{82853428-2FFB-4190-B95D-EFC78A5AD460}"
EndProject
Project("{9A19103F-16F7-4668-BE54-9A1E7A4F7556}") = "Catalog.API", "Services\Catalog\Catalog.API\Catalog.API.csproj", "{09B50B80-4E30-43F6-90B1-5E1FBBAFC75C}"
EndProject
Project("{9A19103F-16F7-4668-BE54-9A1E7A4F7556}") = "BuildingBlock", "BuildingBlocks\BuildingBlock\BuildingBlock.csproj", "{9324A1E6-92AE-4462-A8BE-0A7DA0EC46E6}"
EndProject
Project("{E53339B2-1760-4266-BCC7-CA923CBCF16C}") = "docker-compose", "docker-compose.dcproj", "{4482D021-91BC-45AA-ACB2-5481BB16AC30}"
EndProject
Project("{2150E333-8FDC-42A3-9474-1A3956D46DE8}") = "Basket", "Basket", "{00A04E65-312C-4796-9EC0-8F90452FADA7}"
EndProject
Project("{9A19103F-16F7-4668-BE54-9A1E7A4F7556}") = "Basket.API", "Services\Basket\Basket.API\Basket.API.csproj", "{9875CF6F-20B0-4658-8AEF-93570D399439}"
EndProject
Project("{2150E333-8FDC-42A3-9474-1A3956D46DE8}") = "Discount", "Discount", "{86A4A240-2136-48DF-8BE5-FB2071BF9415}"
EndProject
Project("{9A19103F-16F7-4668-BE54-9A1E7A4F7556}") = "Discount.gRPC", "Services\Discount\Discount.gRPC\Discount.gRPC.csproj", "{BB27F363-97D9-40C4-9CCB-95531433B72D}"
EndProject
Project("{2150E333-8FDC-42A3-9474-1A3956D46DE8}") = "Ordering", "Ordering", "{C720FAFC-922D-403E-AAB8-7EA37D257510}"
EndProject
Project("{9A19103F-16F7-4668-BE54-9A1E7A4F7556}") = "Ordering.API", "Services\Ordering\Ordering.API\Ordering.API.csproj", "{5FA3A786-B6A4-4285-A4E9-2B5813257D66}"
EndProject
Project("{9A19103F-16F7-4668-BE54-9A1E7A4F7556}") = "Ordering.Domain", "Services\Ordering\Ordering.Domain\Ordering.Domain.csproj", "{8D797520-DA07-4EF5-9247-57B19961F7B0}"
EndProject
Project("{9A19103F-16F7-4668-BE54-9A1E7A4F7556}") = "Ordering.Application", "Services\Ordering\Ordering.Application\Ordering.Application.csproj", "{F6910932-03AA-4987-8364-BB6B94B2C268}"
EndProject
Project("{9A19103F-16F7-4668-BE54-9A1E7A4F7556}") = "Ordering.Infrastructure", "Services\Ordering\Ordering.Infrastructure\Ordering.Infrastructure.csproj", "{82A0C28F-6E27-4499-B509-A8D5FE3D85F2}"
EndProject
Project("{9A19103F-16F7-4668-BE54-9A1E7A4F7556}") = "BuildingBlockMessanging", "BuildingBlocks\BuildingBlockMessanging\BuildingBlockMessanging.csproj", "{DE7236B8-63C5-41F8-9E81-CD5A78B2CB55}"
EndProject
Project("{2150E333-8FDC-42A3-9474-1A3956D46DE8}") = "ApiGateways", "ApiGateways", "{C754C212-DB12-4318-8604-2A93F064DE83}"
EndProject
Project("{FAE04EC0-301F-11D3-BF4B-00C04F79EFBC}") = "YarpApiGateway", "ApiGateways\YarpApiGateway\YarpApiGateway.csproj", "{F4B63C41-094A-466C-9EE8-69747C5F84B3}"
EndProject
Global
	GlobalSection(SolutionConfigurationPlatforms) = preSolution
		Debug|Any CPU = Debug|Any CPU
		Release|Any CPU = Release|Any CPU
	EndGlobalSection
	GlobalSection(ProjectConfigurationPlatforms) = postSolution
		{09B50B80-4E30-43F6-90B1-5E1FBBAFC75C}.Debug|Any CPU.ActiveCfg = Debug|Any CPU
		{09B50B80-4E30-43F6-90B1-5E1FBBAFC75C}.Debug|Any CPU.Build.0 = Debug|Any CPU
		{09B50B80-4E30-43F6-90B1-5E1FBBAFC75C}.Release|Any CPU.ActiveCfg = Release|Any CPU
		{09B50B80-4E30-43F6-90B1-5E1FBBAFC75C}.Release|Any CPU.Build.0 = Release|Any CPU
		{9324A1E6-92AE-4462-A8BE-0A7DA0EC46E6}.Debug|Any CPU.ActiveCfg = Debug|Any CPU
		{9324A1E6-92AE-4462-A8BE-0A7DA0EC46E6}.Debug|Any CPU.Build.0 = Debug|Any CPU
		{9324A1E6-92AE-4462-A8BE-0A7DA0EC46E6}.Release|Any CPU.ActiveCfg = Release|Any CPU
		{9324A1E6-92AE-4462-A8BE-0A7DA0EC46E6}.Release|Any CPU.Build.0 = Release|Any CPU
		{4482D021-91BC-45AA-ACB2-5481BB16AC30}.Debug|Any CPU.ActiveCfg = Debug|Any CPU
		{4482D021-91BC-45AA-ACB2-5481BB16AC30}.Debug|Any CPU.Build.0 = Debug|Any CPU
		{4482D021-91BC-45AA-ACB2-5481BB16AC30}.Release|Any CPU.ActiveCfg = Release|Any CPU
		{4482D021-91BC-45AA-ACB2-5481BB16AC30}.Release|Any CPU.Build.0 = Release|Any CPU
		{9875CF6F-20B0-4658-8AEF-93570D399439}.Debug|Any CPU.ActiveCfg = Debug|Any CPU
		{9875CF6F-20B0-4658-8AEF-93570D399439}.Debug|Any CPU.Build.0 = Debug|Any CPU
		{9875CF6F-20B0-4658-8AEF-93570D399439}.Release|Any CPU.ActiveCfg = Release|Any CPU
		{9875CF6F-20B0-4658-8AEF-93570D399439}.Release|Any CPU.Build.0 = Release|Any CPU
		{BB27F363-97D9-40C4-9CCB-95531433B72D}.Debug|Any CPU.ActiveCfg = Debug|Any CPU
		{BB27F363-97D9-40C4-9CCB-95531433B72D}.Debug|Any CPU.Build.0 = Debug|Any CPU
		{BB27F363-97D9-40C4-9CCB-95531433B72D}.Release|Any CPU.ActiveCfg = Release|Any CPU
		{BB27F363-97D9-40C4-9CCB-95531433B72D}.Release|Any CPU.Build.0 = Release|Any CPU
		{5FA3A786-B6A4-4285-A4E9-2B5813257D66}.Debug|Any CPU.ActiveCfg = Debug|Any CPU
		{5FA3A786-B6A4-4285-A4E9-2B5813257D66}.Debug|Any CPU.Build.0 = Debug|Any CPU
		{5FA3A786-B6A4-4285-A4E9-2B5813257D66}.Release|Any CPU.ActiveCfg = Release|Any CPU
		{5FA3A786-B6A4-4285-A4E9-2B5813257D66}.Release|Any CPU.Build.0 = Release|Any CPU
		{8D797520-DA07-4EF5-9247-57B19961F7B0}.Debug|Any CPU.ActiveCfg = Debug|Any CPU
		{8D797520-DA07-4EF5-9247-57B19961F7B0}.Debug|Any CPU.Build.0 = Debug|Any CPU
		{8D797520-DA07-4EF5-9247-57B19961F7B0}.Release|Any CPU.ActiveCfg = Release|Any CPU
		{8D797520-DA07-4EF5-9247-57B19961F7B0}.Release|Any CPU.Build.0 = Release|Any CPU
		{F6910932-03AA-4987-8364-BB6B94B2C268}.Debug|Any CPU.ActiveCfg = Debug|Any CPU
		{F6910932-03AA-4987-8364-BB6B94B2C268}.Debug|Any CPU.Build.0 = Debug|Any CPU
		{F6910932-03AA-4987-8364-BB6B94B2C268}.Release|Any CPU.ActiveCfg = Release|Any CPU
		{F6910932-03AA-4987-8364-BB6B94B2C268}.Release|Any CPU.Build.0 = Release|Any CPU
		{82A0C28F-6E27-4499-B509-A8D5FE3D85F2}.Debug|Any CPU.ActiveCfg = Debug|Any CPU
		{82A0C28F-6E27-4499-B509-A8D5FE3D85F2}.Debug|Any CPU.Build.0 = Debug|Any CPU
		{82A0C28F-6E27-4499-B509-A8D5FE3D85F2}.Release|Any CPU.ActiveCfg = Release|Any CPU
		{82A0C28F-6E27-4499-B509-A8D5FE3D85F2}.Release|Any CPU.Build.0 = Release|Any CPU
		{DE7236B8-63C5-41F8-9E81-CD5A78B2CB55}.Debug|Any CPU.ActiveCfg = Debug|Any CPU
		{DE7236B8-63C5-41F8-9E81-CD5A78B2CB55}.Debug|Any CPU.Build.0 = Debug|Any CPU
		{DE7236B8-63C5-41F8-9E81-CD5A78B2CB55}.Release|Any CPU.ActiveCfg = Release|Any CPU
		{DE7236B8-63C5-41F8-9E81-CD5A78B2CB55}.Release|Any CPU.Build.0 = Release|Any CPU
		{F4B63C41-094A-466C-9EE8-69747C5F84B3}.Debug|Any CPU.ActiveCfg = Debug|Any CPU
		{F4B63C41-094A-466C-9EE8-69747C5F84B3}.Debug|Any CPU.Build.0 = Debug|Any CPU
		{F4B63C41-094A-466C-9EE8-69747C5F84B3}.Release|Any CPU.ActiveCfg = Release|Any CPU
		{F4B63C41-094A-466C-9EE8-69747C5F84B3}.Release|Any CPU.Build.0 = Release|Any CPU
	EndGlobalSection
	GlobalSection(SolutionProperties) = preSolution
		HideSolutionNode = FALSE
	EndGlobalSection
	GlobalSection(NestedProjects) = preSolution
		{82853428-2FFB-4190-B95D-EFC78A5AD460} = {7903A357-FFD5-48D0-8622-BDCBE001CED6}
		{09B50B80-4E30-43F6-90B1-5E1FBBAFC75C} = {82853428-2FFB-4190-B95D-EFC78A5AD460}
		{9324A1E6-92AE-4462-A8BE-0A7DA0EC46E6} = {91B08A7A-D6FF-41D5-A641-896036B62707}
		{00A04E65-312C-4796-9EC0-8F90452FADA7} = {7903A357-FFD5-48D0-8622-BDCBE001CED6}
		{9875CF6F-20B0-4658-8AEF-93570D399439} = {00A04E65-312C-4796-9EC0-8F90452FADA7}
		{86A4A240-2136-48DF-8BE5-FB2071BF9415} = {7903A357-FFD5-48D0-8622-BDCBE001CED6}
		{BB27F363-97D9-40C4-9CCB-95531433B72D} = {86A4A240-2136-48DF-8BE5-FB2071BF9415}
		{C720FAFC-922D-403E-AAB8-7EA37D257510} = {7903A357-FFD5-48D0-8622-BDCBE001CED6}
		{5FA3A786-B6A4-4285-A4E9-2B5813257D66} = {C720FAFC-922D-403E-AAB8-7EA37D257510}
		{8D797520-DA07-4EF5-9247-57B19961F7B0} = {C720FAFC-922D-403E-AAB8-7EA37D257510}
		{F6910932-03AA-4987-8364-BB6B94B2C268} = {C720FAFC-922D-403E-AAB8-7EA37D257510}
		{82A0C28F-6E27-4499-B509-A8D5FE3D85F2} = {C720FAFC-922D-403E-AAB8-7EA37D257510}
		{DE7236B8-63C5-41F8-9E81-CD5A78B2CB55} = {91B08A7A-D6FF-41D5-A641-896036B62707}
		{F4B63C41-094A-466C-9EE8-69747C5F84B3} = {C754C212-DB12-4318-8604-2A93F064DE83}
	EndGlobalSection
	GlobalSection(ExtensibilityGlobals) = postSolution
		SolutionGuid = {9DB69D86-AD57-4CB1-ABF2-23063B1D27D5}
	EndGlobalSection
EndGlobal
